
Microsoft Visual Studio Solution File, Format Version 12.00
# Visual Studio Version 16
VisualStudioVersion = 16.0.30413.136
MinimumVisualStudioVersion = 10.0.40219.1
Project("{FAE04EC0-301F-11D3-BF4B-00C04F79EFBC}") = "DrawShapes", "DrawShapes\DrawShapes.csproj", "{564FDE30-808D-4499-9F98-629505ACAAE4}"
EndProject
Global
	GlobalSection(SolutionConfigurationPlatforms) = preSolution
		Debug|Any CPU = Debug|Any CPU
		Release|Any CPU = Release|Any CPU
	EndGlobalSection
	GlobalSection(ProjectConfigurationPlatforms) = postSolution
		{564FDE30-808D-4499-9F98-629505ACAAE4}.Debug|Any CPU.ActiveCfg = Debug|Any CPU
		{564FDE30-808D-4499-9F98-629505ACAAE4}.Debug|Any CPU.Build.0 = Debug|Any CPU
		{564FDE30-808D-4499-9F98-629505ACAAE4}.Release|Any CPU.ActiveCfg = Release|Any CPU
		{564FDE30-808D-4499-9F98-629505ACAAE4}.Release|Any CPU.Build.0 = Release|Any CPU
	EndGlobalSection
	GlobalSection(SolutionProperties) = preSolution
		HideSolutionNode = FALSE
	EndGlobalSection
	GlobalSection(ExtensibilityGlobals) = postSolution
		SolutionGuid = {6BBB1721-DFA8-43DD-BD17-95238D66399C}
	EndGlobalSection
EndGlobal
